
Microsoft Visual Studio Solution File, Format Version 12.00
# Visual Studio Version 17
VisualStudioVersion = 17.1.32210.238
MinimumVisualStudioVersion = 10.0.40219.1
Project("{FAE04EC0-301F-11D3-BF4B-00C04F79EFBC}") = "RazorPagesNars", "RazorPagesNars\RazorPagesNars.csproj", "{79E26A65-6567-4269-A7CD-79096A69A154}"
EndProject
Global
	GlobalSection(SolutionConfigurationPlatforms) = preSolution
		Debug|Any CPU = Debug|Any CPU
		Release|Any CPU = Release|Any CPU
	EndGlobalSection
	GlobalSection(ProjectConfigurationPlatforms) = postSolution
		{79E26A65-6567-4269-A7CD-79096A69A154}.Debug|Any CPU.ActiveCfg = Debug|Any CPU
		{79E26A65-6567-4269-A7CD-79096A69A154}.Debug|Any CPU.Build.0 = Debug|Any CPU
		{79E26A65-6567-4269-A7CD-79096A69A154}.Release|Any CPU.ActiveCfg = Release|Any CPU
		{79E26A65-6567-4269-A7CD-79096A69A154}.Release|Any CPU.Build.0 = Release|Any CPU
	EndGlobalSection
	GlobalSection(SolutionProperties) = preSolution
		HideSolutionNode = FALSE
	EndGlobalSection
	GlobalSection(ExtensibilityGlobals) = postSolution
		SolutionGuid = {04F00E22-811B-4787-AC75-BB009E5AF65B}
	EndGlobalSection
EndGlobal
